
Microsoft Visual Studio Solution File, Format Version 12.00
# Visual Studio Version 16
VisualStudioVersion = 16.0.29215.179
MinimumVisualStudioVersion = 10.0.40219.1
Project("{FAE04EC0-301F-11D3-BF4B-00C04F79EFBC}") = "CrestronMonoDebugger", "CrestronMonoDebugger\CrestronMonoDebugger.csproj", "{D9599DCF-4EE8-4480-B7EE-AC18383A9D87}"
EndProject
Project("{FAE04EC0-301F-11D3-BF4B-00C04F79EFBC}") = "pdb2mdb", "Mono.pdb2mdb\pdb2mdb.csproj", "{5F8ABC07-F52D-4F6E-99F8-58473A8A4BE3}"
EndProject
Global
	GlobalSection(SolutionConfigurationPlatforms) = preSolution
		Debug|Any CPU = Debug|Any CPU
		Debug|monodroid_tools = Debug|monodroid_tools
		Debug|net_4_x = Debug|net_4_x
		Release|Any CPU = Release|Any CPU
		Release|monodroid_tools = Release|monodroid_tools
		Release|net_4_x = Release|net_4_x
	EndGlobalSection
	GlobalSection(ProjectConfigurationPlatforms) = postSolution
		{D9599DCF-4EE8-4480-B7EE-AC18383A9D87}.Debug|Any CPU.ActiveCfg = Debug|Any CPU
		{D9599DCF-4EE8-4480-B7EE-AC18383A9D87}.Debug|Any CPU.Build.0 = Debug|Any CPU
		{D9599DCF-4EE8-4480-B7EE-AC18383A9D87}.Debug|monodroid_tools.ActiveCfg = Debug|Any CPU
		{D9599DCF-4EE8-4480-B7EE-AC18383A9D87}.Debug|monodroid_tools.Build.0 = Debug|Any CPU
		{D9599DCF-4EE8-4480-B7EE-AC18383A9D87}.Debug|net_4_x.ActiveCfg = Debug|Any CPU
		{D9599DCF-4EE8-4480-B7EE-AC18383A9D87}.Debug|net_4_x.Build.0 = Debug|Any CPU
		{D9599DCF-4EE8-4480-B7EE-AC18383A9D87}.Release|Any CPU.ActiveCfg = Release|Any CPU
		{D9599DCF-4EE8-4480-B7EE-AC18383A9D87}.Release|Any CPU.Build.0 = Release|Any CPU
		{D9599DCF-4EE8-4480-B7EE-AC18383A9D87}.Release|monodroid_tools.ActiveCfg = Release|Any CPU
		{D9599DCF-4EE8-4480-B7EE-AC18383A9D87}.Release|monodroid_tools.Build.0 = Release|Any CPU
		{D9599DCF-4EE8-4480-B7EE-AC18383A9D87}.Release|net_4_x.ActiveCfg = Release|Any CPU
		{D9599DCF-4EE8-4480-B7EE-AC18383A9D87}.Release|net_4_x.Build.0 = Release|Any CPU
		{5F8ABC07-F52D-4F6E-99F8-58473A8A4BE3}.Debug|Any CPU.ActiveCfg = Debug|monodroid_tools
		{5F8ABC07-F52D-4F6E-99F8-58473A8A4BE3}.Debug|monodroid_tools.ActiveCfg = Debug|monodroid_tools
		{5F8ABC07-F52D-4F6E-99F8-58473A8A4BE3}.Debug|monodroid_tools.Build.0 = Debug|monodroid_tools
		{5F8ABC07-F52D-4F6E-99F8-58473A8A4BE3}.Debug|net_4_x.ActiveCfg = Debug|net_4_x
		{5F8ABC07-F52D-4F6E-99F8-58473A8A4BE3}.Debug|net_4_x.Build.0 = Debug|net_4_x
		{5F8ABC07-F52D-4F6E-99F8-58473A8A4BE3}.Release|Any CPU.ActiveCfg = Release|monodroid_tools
		{5F8ABC07-F52D-4F6E-99F8-58473A8A4BE3}.Release|monodroid_tools.ActiveCfg = Release|monodroid_tools
		{5F8ABC07-F52D-4F6E-99F8-58473A8A4BE3}.Release|monodroid_tools.Build.0 = Release|monodroid_tools
		{5F8ABC07-F52D-4F6E-99F8-58473A8A4BE3}.Release|net_4_x.ActiveCfg = Release|net_4_x
		{5F8ABC07-F52D-4F6E-99F8-58473A8A4BE3}.Release|net_4_x.Build.0 = Release|net_4_x
	EndGlobalSection
	GlobalSection(SolutionProperties) = preSolution
		HideSolutionNode = FALSE
	EndGlobalSection
	GlobalSection(ExtensibilityGlobals) = postSolution
		SolutionGuid = {1623A51F-458C-4F7F-9DC6-1EBD5366F71C}
	EndGlobalSection
EndGlobal
